Microsoft Visual Studio Solution File, Format Version 12.00
# Visual Studio Version 17
VisualStudioVersion = 17.0.31903.59
MinimumVisualStudioVersion = 10.0.40219.1
Project("{FAE04EC0-301F-11D3-BF4B-00C04F79EFBC}") = "Arena.Contracts", "src\Arena.Contracts\Arena.Contracts.csproj", "{E1261BE6-7E5C-4D9B-A02E-44F5C05D1240}"
EndProject
Project("{FAE04EC0-301F-11D3-BF4B-00C04F79EFBC}") = "Arena.AdminProtocol", "src\Arena.AdminProtocol\Arena.AdminProtocol.csproj", "{4D5AA539-AAD3-4699-9720-6B9464321B90}"
EndProject
Project("{FAE04EC0-301F-11D3-BF4B-00C04F79EFBC}") = "Arena.Providers", "src\Arena.Providers\Arena.Providers.csproj", "{8B45FA26-E346-4AB3-9C57-02F7F918ED33}"
EndProject
Project("{FAE04EC0-301F-11D3-BF4B-00C04F79EFBC}") = "Arena.Scoring", "src\Arena.Scoring\Arena.Scoring.csproj", "{A30B7F6A-0F06-4755-B6D6-A12DF7E2A237}"
EndProject
Project("{FAE04EC0-301F-11D3-BF4B-00C04F79EFBC}") = "Arena.Camera", "src\Arena.Camera\Arena.Camera.csproj", "{BC7774C7-0DDB-455F-AEA0-FD7C9817A579}"
EndProject
Project("{FAE04EC0-301F-11D3-BF4B-00C04F79EFBC}") = "Arena.Obs", "src\Arena.Obs\Arena.Obs.csproj", "{D5D4D987-81D6-46D5-9A29-99A10CB2BFC3}"
EndProject
Project("{FAE04EC0-301F-11D3-BF4B-00C04F79EFBC}") = "Arena.Storage", "src\Arena.Storage\Arena.Storage.csproj", "{E0385BFC-CDB0-4A02-A1FD-2AC909435B9C}"
EndProject
Project("{FAE04EC0-301F-11D3-BF4B-00C04F79EFBC}") = "Arena.Orchestrator", "src\Arena.Orchestrator\Arena.Orchestrator.csproj", "{89F370AC-A4E0-4DD6-83B9-E12D08813A69}"
EndProject
Project("{FAE04EC0-301F-11D3-BF4B-00C04F79EFBC}") = "Arena.Cli", "src\Arena.Cli\Arena.Cli.csproj", "{93BBD68F-BD12-42D6-A50B-6F38AD1E91E7}"
EndProject
Project("{FAE04EC0-301F-11D3-BF4B-00C04F79EFBC}") = "Arena.Foundation.Tests", "tests\Arena.Foundation.Tests\Arena.Foundation.Tests.csproj", "{2B4B8E1C-C22B-4D0A-BD14-B66D6DEAD71C}"
EndProject
Global
  GlobalSection(SolutionConfigurationPlatforms) = preSolution
    Debug|Any CPU = Debug|Any CPU
    Release|Any CPU = Release|Any CPU
  EndGlobalSection
  GlobalSection(ProjectConfigurationPlatforms) = postSolution
    {E1261BE6-7E5C-4D9B-A02E-44F5C05D1240}.Debug|Any CPU.ActiveCfg = Debug|Any CPU
    {E1261BE6-7E5C-4D9B-A02E-44F5C05D1240}.Debug|Any CPU.Build.0 = Debug|Any CPU
    {E1261BE6-7E5C-4D9B-A02E-44F5C05D1240}.Release|Any CPU.ActiveCfg = Release|Any CPU
    {E1261BE6-7E5C-4D9B-A02E-44F5C05D1240}.Release|Any CPU.Build.0 = Release|Any CPU
    {4D5AA539-AAD3-4699-9720-6B9464321B90}.Debug|Any CPU.ActiveCfg = Debug|Any CPU
    {4D5AA539-AAD3-4699-9720-6B9464321B90}.Debug|Any CPU.Build.0 = Debug|Any CPU
    {4D5AA539-AAD3-4699-9720-6B9464321B90}.Release|Any CPU.ActiveCfg = Release|Any CPU
    {4D5AA539-AAD3-4699-9720-6B9464321B90}.Release|Any CPU.Build.0 = Release|Any CPU
    {8B45FA26-E346-4AB3-9C57-02F7F918ED33}.Debug|Any CPU.ActiveCfg = Debug|Any CPU
    {8B45FA26-E346-4AB3-9C57-02F7F918ED33}.Debug|Any CPU.Build.0 = Debug|Any CPU
    {8B45FA26-E346-4AB3-9C57-02F7F918ED33}.Release|Any CPU.ActiveCfg = Release|Any CPU
    {8B45FA26-E346-4AB3-9C57-02F7F918ED33}.Release|Any CPU.Build.0 = Release|Any CPU
    {A30B7F6A-0F06-4755-B6D6-A12DF7E2A237}.Debug|Any CPU.ActiveCfg = Debug|Any CPU
    {A30B7F6A-0F06-4755-B6D6-A12DF7E2A237}.Debug|Any CPU.Build.0 = Debug|Any CPU
    {A30B7F6A-0F06-4755-B6D6-A12DF7E2A237}.Release|Any CPU.ActiveCfg = Release|Any CPU
    {A30B7F6A-0F06-4755-B6D6-A12DF7E2A237}.Release|Any CPU.Build.0 = Release|Any CPU
    {BC7774C7-0DDB-455F-AEA0-FD7C9817A579}.Debug|Any CPU.ActiveCfg = Debug|Any CPU
    {BC7774C7-0DDB-455F-AEA0-FD7C9817A579}.Debug|Any CPU.Build.0 = Debug|Any CPU
    {BC7774C7-0DDB-455F-AEA0-FD7C9817A579}.Release|Any CPU.ActiveCfg = Release|Any CPU
    {BC7774C7-0DDB-455F-AEA0-FD7C9817A579}.Release|Any CPU.Build.0 = Release|Any CPU
    {D5D4D987-81D6-46D5-9A29-99A10CB2BFC3}.Debug|Any CPU.ActiveCfg = Debug|Any CPU
    {D5D4D987-81D6-46D5-9A29-99A10CB2BFC3}.Debug|Any CPU.Build.0 = Debug|Any CPU
    {D5D4D987-81D6-46D5-9A29-99A10CB2BFC3}.Release|Any CPU.ActiveCfg = Release|Any CPU
    {D5D4D987-81D6-46D5-9A29-99A10CB2BFC3}.Release|Any CPU.Build.0 = Release|Any CPU
    {E0385BFC-CDB0-4A02-A1FD-2AC909435B9C}.Debug|Any CPU.ActiveCfg = Debug|Any CPU
    {E0385BFC-CDB0-4A02-A1FD-2AC909435B9C}.Debug|Any CPU.Build.0 = Debug|Any CPU
    {E0385BFC-CDB0-4A02-A1FD-2AC909435B9C}.Release|Any CPU.ActiveCfg = Release|Any CPU
    {E0385BFC-CDB0-4A02-A1FD-2AC909435B9C}.Release|Any CPU.Build.0 = Release|Any CPU
    {89F370AC-A4E0-4DD6-83B9-E12D08813A69}.Debug|Any CPU.ActiveCfg = Debug|Any CPU
    {89F370AC-A4E0-4DD6-83B9-E12D08813A69}.Debug|Any CPU.Build.0 = Debug|Any CPU
    {89F370AC-A4E0-4DD6-83B9-E12D08813A69}.Release|Any CPU.ActiveCfg = Release|Any CPU
    {89F370AC-A4E0-4DD6-83B9-E12D08813A69}.Release|Any CPU.Build.0 = Release|Any CPU
    {93BBD68F-BD12-42D6-A50B-6F38AD1E91E7}.Debug|Any CPU.ActiveCfg = Debug|Any CPU
    {93BBD68F-BD12-42D6-A50B-6F38AD1E91E7}.Debug|Any CPU.Build.0 = Debug|Any CPU
    {93BBD68F-BD12-42D6-A50B-6F38AD1E91E7}.Release|Any CPU.ActiveCfg = Release|Any CPU
    {93BBD68F-BD12-42D6-A50B-6F38AD1E91E7}.Release|Any CPU.Build.0 = Release|Any CPU
    {2B4B8E1C-C22B-4D0A-BD14-B66D6DEAD71C}.Debug|Any CPU.ActiveCfg = Debug|Any CPU
    {2B4B8E1C-C22B-4D0A-BD14-B66D6DEAD71C}.Debug|Any CPU.Build.0 = Debug|Any CPU
    {2B4B8E1C-C22B-4D0A-BD14-B66D6DEAD71C}.Release|Any CPU.ActiveCfg = Release|Any CPU
    {2B4B8E1C-C22B-4D0A-BD14-B66D6DEAD71C}.Release|Any CPU.Build.0 = Release|Any CPU
  EndGlobalSection
EndGlobal
